# This file is autogenerated, do not edit; changes may be undone by the next 'dep ensure'.


[[projects]]
  name = "github.com/kardianos/osext"
  packages = ["."]
  revision = "6e7f843663477789fac7c02def0d0909e969b4e5"

[[projects]]
  name = "github.com/kr/binarydist"
  packages = ["."]
  revision = "9955b0ab8708602d411341e55fffd7e0700f86bd"

[[projects]]
  branch = "master"
  name = "github.com/sanbornm/go-selfupdate"
  packages = ["selfupdate"]
  revision = "bf295275fb1ee4e347c09330ed9a3c76cc19895a"

[[projects]]
  branch = "v0"
  name = "gopkg.in/inconshreveable/go-update.v0"
  packages = [
    ".",
    "download"
  ]
  revision = "d8b0b1d421aa1cbf392c05869f8abbc669bb7066"

[solve-meta]
  analyzer-name = "dep"
  analyzer-version = 1
  inputs-digest = "6d94ef6e19b86b0c8b1c8e7e83e8e42a5eec85bb2dce7e0ca8938e1ca6d163ce"
  solver-name = "gps-cdcl"
  solver-version = 1
